
Microsoft Visual Studio Solution File, Format Version 12.00
# Visual Studio Version 17
VisualStudioVersion = 17.4.33213.308
MinimumVisualStudioVersion = 10.0.40219.1
Project("{FAE04EC0-301F-11D3-BF4B-00C04F79EFBC}") = "Lab1", "Lab1\Lab1.csproj", "{3813B7D3-8FCB-447F-893D-8EA35098B4AF}"
EndProject
Global
	GlobalSection(SolutionConfigurationPlatforms) = preSolution
		Debug|Any CPU = Debug|Any CPU
		Release|Any CPU = Release|Any CPU
	EndGlobalSection
	GlobalSection(ProjectConfigurationPlatforms) = postSolution
		{3813B7D3-8FCB-447F-893D-8EA35098B4AF}.Debug|Any CPU.ActiveCfg = Debug|Any CPU
		{3813B7D3-8FCB-447F-893D-8EA35098B4AF}.Debug|Any CPU.Build.0 = Debug|Any CPU
		{3813B7D3-8FCB-447F-893D-8EA35098B4AF}.Release|Any CPU.ActiveCfg = Release|Any CPU
		{3813B7D3-8FCB-447F-893D-8EA35098B4AF}.Release|Any CPU.Build.0 = Release|Any CPU
	EndGlobalSection
	GlobalSection(SolutionProperties) = preSolution
		HideSolutionNode = FALSE
	EndGlobalSection
	GlobalSection(ExtensibilityGlobals) = postSolution
		SolutionGuid = {9ED0D6FA-CA8A-4BEB-B094-A05AF35CB3FE}
	EndGlobalSection
EndGlobal
